
Microsoft Visual Studio Solution File, Format Version 12.00
# Visual Studio Version 17
VisualStudioVersion = 17.14.36414.22 d17.14
MinimumVisualStudioVersion = 10.0.40219.1
Project("{FAE04EC0-301F-11D3-BF4B-00C04F79EFBC}") = "Threads1", "Threads1\Threads1.csproj", "{AADB45A6-2B2E-4138-9985-C1138E50700F}"
EndProject
Global
	GlobalSection(SolutionConfigurationPlatforms) = preSolution
		Debug|Any CPU = Debug|Any CPU
		Release|Any CPU = Release|Any CPU
	EndGlobalSection
	GlobalSection(ProjectConfigurationPlatforms) = postSolution
		{AADB45A6-2B2E-4138-9985-C1138E50700F}.Debug|Any CPU.ActiveCfg = Debug|Any CPU
		{AADB45A6-2B2E-4138-9985-C1138E50700F}.Debug|Any CPU.Build.0 = Debug|Any CPU
		{AADB45A6-2B2E-4138-9985-C1138E50700F}.Release|Any CPU.ActiveCfg = Release|Any CPU
		{AADB45A6-2B2E-4138-9985-C1138E50700F}.Release|Any CPU.Build.0 = Release|Any CPU
	EndGlobalSection
	GlobalSection(SolutionProperties) = preSolution
		HideSolutionNode = FALSE
	EndGlobalSection
	GlobalSection(ExtensibilityGlobals) = postSolution
		SolutionGuid = {0B5FDFFF-4774-430B-929A-6E4CC25B7FA3}
	EndGlobalSection
EndGlobal
